
Microsoft Visual Studio Solution File, Format Version 12.00
# Visual Studio 2012
Project("{FAE04EC0-301F-11D3-BF4B-00C04F79EFBC}") = "JenkinsCI", "JenkinsCI\JenkinsCI.csproj", "{62949CF5-E72B-4CAA-AE7E-EFD6CFEA5E64}"
EndProject
Project("{FAE04EC0-301F-11D3-BF4B-00C04F79EFBC}") = "JenkinsCI.Test", "JenkinsCI.Test\JenkinsCI.Test.csproj", "{8ADA1AFF-3427-47DA-B196-FC3FDD4DAB44}"
EndProject
Global
	GlobalSection(SolutionConfigurationPlatforms) = preSolution
		Debug|Any CPU = Debug|Any CPU
		Release|Any CPU = Release|Any CPU
	EndGlobalSection
	GlobalSection(ProjectConfigurationPlatforms) = postSolution
		{62949CF5-E72B-4CAA-AE7E-EFD6CFEA5E64}.Debug|Any CPU.ActiveCfg = Debug|Any CPU
		{62949CF5-E72B-4CAA-AE7E-EFD6CFEA5E64}.Debug|Any CPU.Build.0 = Debug|Any CPU
		{62949CF5-E72B-4CAA-AE7E-EFD6CFEA5E64}.Release|Any CPU.ActiveCfg = Release|Any CPU
		{62949CF5-E72B-4CAA-AE7E-EFD6CFEA5E64}.Release|Any CPU.Build.0 = Release|Any CPU
		{8ADA1AFF-3427-47DA-B196-FC3FDD4DAB44}.Debug|Any CPU.ActiveCfg = Debug|Any CPU
		{8ADA1AFF-3427-47DA-B196-FC3FDD4DAB44}.Debug|Any CPU.Build.0 = Debug|Any CPU
		{8ADA1AFF-3427-47DA-B196-FC3FDD4DAB44}.Release|Any CPU.ActiveCfg = Release|Any CPU
		{8ADA1AFF-3427-47DA-B196-FC3FDD4DAB44}.Release|Any CPU.Build.0 = Release|Any CPU
	EndGlobalSection
	GlobalSection(SolutionProperties) = preSolution
		HideSolutionNode = FALSE
	EndGlobalSection
EndGlobal
